{
  "https://schrute.s3.eu-north-1.amazonaws.com/Schrute_Bucks_The_Office_US_1080p.mp4?response-content-disposition=inline&X-Amz-Security-Token=IQoJb3JpZ2luX2VjEGwaDGV1LWNlbnRyYWwtMSJIMEYCIQCavcFX6Z8m3%2BAuMazw7O4P%2FBMkL5OUZLfyoq87zhaI0wIhAPqW%2F%2F1XKud7rbJ%2F4JhSXZsVgQd1jKFCCs8utEG2vJqSKuQCCGUQABoMNzc5MDk4MzE4NTI0IgwDy3900KyodoCA8NwqwQI8l9VdlF17PveLwMW%2FkdT6gkoNzlB1BzOR2Db9cVbIcApJbVv1LvhUY7bsE2ICs0INogVojd6QpVsH%2BlTs%2BVX6Uf%2FVpGm6U%2FAtTsRLoLF6iD5U6Aa0f%2FUY4u5spQiz9nmQPvo1DHtZm4mnOMdg%2FzkMP%2B%2BwV2cy6i16DddUNOYujc2ajhhi0AgV6edLAStbDtFJkdCDdr308R5Cq3Dbu6H18FFBnbxgKQAVLVdXTDV3%2BgKGuE%2F8HgpcZOr85CivnPP1Zx647oKuQeIEwbLYMYmWbzagHQN3jND%2B8WXIqBw%2FIW9aajuLcbAPVria0EIoEgUYx87%2Bm6JqyKToUyKQindb7%2FAQ7RLfWsvurOa1j58J%2B5sQxGlGNbfElr%2BI6yXZ6jsIeIcvpodUtPnHid%2FqLVsVz8Sm1adnnts3RtVlVrrXaUAwo6%2BTrwY6sgKNSJaJJtTZZ2XGW8mEwYz4CJHH2ndTrHYqPnHKae%2F1MNKFdHH2bWjrOdh3CszPn5ox3%2FwYL1VVr9%2FKqPMIr%2BEU%2BmMR1LFjwSVcgCIhGP03CsbGg0opX2tf7Dq9oXPYXa2sWiwrDysw%2BVEmmY1x%2BmT%2BD99bJqTG1MnboV4CosKo4Xzniq5IB1%2FVsQFLf7gQxNTt82o27AjsnRaPqvQ9trFChcWzRK5gwwFzaQTAo1P5gTyK8Qm3oP0hikKMim56FQPjArqTvcxDMYbPP4Vu2lWywr8yoyJZjuNvaIRUYjzviiug4fgsx3ipCWLr%2B%2FDixk2S5tzVFi5So9z8eA75oEjIqMCRIbDCRcIm6vapFm7xOAUnkPKx3rbGimCFkAWExII6CO1j2SBnTjQj8g3MCDiLy0Y%3D&X-Amz-Algorithm=AWS4-HMAC-SHA256&X-Amz-Date=20240303T201155Z&X-Amz-SignedHeaders=host&X-Amz-Expires=300&X-Amz-Credential=ASIA3KZPA426D5WMZELD%2F20240303%2Feu-north-1%2Fs3%2Faws4_request&X-Amz-Signature=1f3a075579913dff787eccf5cd0b986309f8474f24b83bb8416b31e007c2f085": { "integrity": "sha512-qFqN+v8+7j24WnoAvTNgSLAmVRq55sj4vdmPh3bA+jEF4pbPqMsfimq9+N+9uUkuzIZlzSL56aLbBG0xrIggGg==", "contentType": "video/mp4" },
  "version": 1
}
